# This file is @generated by PDM.
# It is not intended for manual editing.

[metadata]
groups = ["default"]
strategy = ["cross_platform", "inherit_metadata"]
lock_version = "4.4.1"
content_hash = "sha256:d7d8ab4ab6d7cb9803e86506ce4429fd409e85318a37e8a5e94bf15727b2fc14"

[[package]]
name = "cogapp"
version = "3.4.1"
requires_python = ">=3.7"
summary = "Cog: A content generator for executing Python snippets in source files."
groups = ["default"]
files = [
    {file = "cogapp-3.4.1-py3-none-any.whl", hash = "sha256:1daba7b6c8bb23b733c64833de7aa3a42476c05afba19cff937e1b522216859d"},
    {file = "cogapp-3.4.1.tar.gz", hash = "sha256:a806d5db9e318a1a2d3fce988008179168e7db13e5e55b19b79763f9bb9d2982"},
]
